
Microsoft Visual Studio Solution File, Format Version 12.00
# Visual Studio Version 16
VisualStudioVersion = 16.0.31605.320
MinimumVisualStudioVersion = 10.0.40219.1
Project("{2150E333-8FDC-42A3-9474-1A3956D46DE8}") = "src", "src", "{66ADCA9F-1607-4DFA-B823-B08FD546A981}"
EndProject
Project("{2150E333-8FDC-42A3-9474-1A3956D46DE8}") = "0 - Presentation", "0 - Presentation", "{2344AAE5-0C4F-47A6-AFDC-DF262E0966C9}"
EndProject
Project("{2150E333-8FDC-42A3-9474-1A3956D46DE8}") = "1 - Services", "1 - Services", "{71EE83A6-1E18-4C81-A0CD-75F4241166D0}"
EndProject
Project("{2150E333-8FDC-42A3-9474-1A3956D46DE8}") = "2 - Application", "2 - Application", "{F40E00AC-A9B2-476E-A0F6-CCA1E19E8F92}"
EndProject
Project("{2150E333-8FDC-42A3-9474-1A3956D46DE8}") = "3 - Domain", "3 - Domain", "{108470A1-7A06-4ECA-869D-2570ECC472C8}"
EndProject
Project("{2150E333-8FDC-42A3-9474-1A3956D46DE8}") = "4 - Infrastructure", "4 - Infrastructure", "{9192BA77-E584-4EEA-89AF-63E36E79C1DF}"
EndProject
Project("{2150E333-8FDC-42A3-9474-1A3956D46DE8}") = "4.1 - Data", "4.1 - Data", "{3B186848-8190-40D2-A7C3-46631C0B266D}"
EndProject
Project("{2150E333-8FDC-42A3-9474-1A3956D46DE8}") = "4.2 - CrossCutting", "4.2 - CrossCutting", "{445CB8D4-9D60-42CA-82F0-65AD98A06267}"
EndProject
Project("{9A19103F-16F7-4668-BE54-9A1E7A4F7556}") = "ProjetoModeloDDD.Domain", "ProjetoModeloDDD.Domain\ProjetoModeloDDD.Domain.csproj", "{D8DF0EF3-2FC0-4D55-8F89-CC66D88A0F28}"
EndProject
Project("{9A19103F-16F7-4668-BE54-9A1E7A4F7556}") = "ProjetoModeloDDD.Infra.Data", "ProjetoModeloDDD.Infra.Data\ProjetoModeloDDD.Infra.Data.csproj", "{F571E835-0F1F-4EF1-99A8-756865A55C96}"
EndProject
Project("{9A19103F-16F7-4668-BE54-9A1E7A4F7556}") = "ProjetoModeloDDD.Application", "ProjetoModeloDDD.Application\ProjetoModeloDDD.Application.csproj", "{E103E32E-42BD-4ABA-85B0-3D9170FD3665}"
EndProject
Project("{FAE04EC0-301F-11D3-BF4B-00C04F79EFBC}") = "ProjetoModeloDDD.Presentation", "ProjetoModeloDDD.Presentation\ProjetoModeloDDD.Presentation.csproj", "{6E118BBC-24F2-4546-AE91-E3EA3ECADCDC}"
EndProject
Global
	GlobalSection(SolutionConfigurationPlatforms) = preSolution
		Debug|Any CPU = Debug|Any CPU
		Release|Any CPU = Release|Any CPU
	EndGlobalSection
	GlobalSection(ProjectConfigurationPlatforms) = postSolution
		{D8DF0EF3-2FC0-4D55-8F89-CC66D88A0F28}.Debug|Any CPU.ActiveCfg = Debug|Any CPU
		{D8DF0EF3-2FC0-4D55-8F89-CC66D88A0F28}.Debug|Any CPU.Build.0 = Debug|Any CPU
		{D8DF0EF3-2FC0-4D55-8F89-CC66D88A0F28}.Release|Any CPU.ActiveCfg = Release|Any CPU
		{D8DF0EF3-2FC0-4D55-8F89-CC66D88A0F28}.Release|Any CPU.Build.0 = Release|Any CPU
		{F571E835-0F1F-4EF1-99A8-756865A55C96}.Debug|Any CPU.ActiveCfg = Debug|Any CPU
		{F571E835-0F1F-4EF1-99A8-756865A55C96}.Debug|Any CPU.Build.0 = Debug|Any CPU
		{F571E835-0F1F-4EF1-99A8-756865A55C96}.Release|Any CPU.ActiveCfg = Release|Any CPU
		{F571E835-0F1F-4EF1-99A8-756865A55C96}.Release|Any CPU.Build.0 = Release|Any CPU
		{E103E32E-42BD-4ABA-85B0-3D9170FD3665}.Debug|Any CPU.ActiveCfg = Debug|Any CPU
		{E103E32E-42BD-4ABA-85B0-3D9170FD3665}.Debug|Any CPU.Build.0 = Debug|Any CPU
		{E103E32E-42BD-4ABA-85B0-3D9170FD3665}.Release|Any CPU.ActiveCfg = Release|Any CPU
		{E103E32E-42BD-4ABA-85B0-3D9170FD3665}.Release|Any CPU.Build.0 = Release|Any CPU
		{6E118BBC-24F2-4546-AE91-E3EA3ECADCDC}.Debug|Any CPU.ActiveCfg = Debug|Any CPU
		{6E118BBC-24F2-4546-AE91-E3EA3ECADCDC}.Debug|Any CPU.Build.0 = Debug|Any CPU
		{6E118BBC-24F2-4546-AE91-E3EA3ECADCDC}.Release|Any CPU.ActiveCfg = Release|Any CPU
		{6E118BBC-24F2-4546-AE91-E3EA3ECADCDC}.Release|Any CPU.Build.0 = Release|Any CPU
	EndGlobalSection
	GlobalSection(SolutionProperties) = preSolution
		HideSolutionNode = FALSE
	EndGlobalSection
	GlobalSection(NestedProjects) = preSolution
		{2344AAE5-0C4F-47A6-AFDC-DF262E0966C9} = {66ADCA9F-1607-4DFA-B823-B08FD546A981}
		{71EE83A6-1E18-4C81-A0CD-75F4241166D0} = {66ADCA9F-1607-4DFA-B823-B08FD546A981}
		{F40E00AC-A9B2-476E-A0F6-CCA1E19E8F92} = {66ADCA9F-1607-4DFA-B823-B08FD546A981}
		{108470A1-7A06-4ECA-869D-2570ECC472C8} = {66ADCA9F-1607-4DFA-B823-B08FD546A981}
		{9192BA77-E584-4EEA-89AF-63E36E79C1DF} = {66ADCA9F-1607-4DFA-B823-B08FD546A981}
		{3B186848-8190-40D2-A7C3-46631C0B266D} = {9192BA77-E584-4EEA-89AF-63E36E79C1DF}
		{445CB8D4-9D60-42CA-82F0-65AD98A06267} = {9192BA77-E584-4EEA-89AF-63E36E79C1DF}
		{D8DF0EF3-2FC0-4D55-8F89-CC66D88A0F28} = {108470A1-7A06-4ECA-869D-2570ECC472C8}
		{F571E835-0F1F-4EF1-99A8-756865A55C96} = {3B186848-8190-40D2-A7C3-46631C0B266D}
		{E103E32E-42BD-4ABA-85B0-3D9170FD3665} = {F40E00AC-A9B2-476E-A0F6-CCA1E19E8F92}
		{6E118BBC-24F2-4546-AE91-E3EA3ECADCDC} = {2344AAE5-0C4F-47A6-AFDC-DF262E0966C9}
	EndGlobalSection
	GlobalSection(ExtensibilityGlobals) = postSolution
		SolutionGuid = {7DC49C2A-4EA2-4715-956E-0AFD7C05CF6C}
	EndGlobalSection
EndGlobal
